github.com/David-Rushton/console v0.0.0-20250509094936-0b2a3f5be719 h1:syCk4Vkj+FUQfslMqZCEd+r7z1AYkhEKKnYg/W05X6o=
github.com/David-Rushton/console v0.0.0-20250509094936-0b2a3f5be719/go.mod h1:RO9+4Kk3xUAt5EXY6FmXdxghPLdc7VPsPZVO4AfRT/A=
github.com/David-Rushton/pretty v0.0.0-20240929213017-55d7d7581f20 h1:poovGjhpfB36vLrc0S/LNB3yWI1SK3gQfjeW26EUDW8=
github.com/David-Rushton/pretty v0.0.0-20240929213017-55d7d7581f20/go.mod h1:YPh8nf388fqIKlmjVDS1j5oPSGVNh3KqWMfJTLy2whM=
golang.org/x/sys v0.32.0 h1:s77OFDvIQeibCmezSnk/q6iAfkdiQaJi4VzroCFrN20=
golang.org/x/sys v0.32.0/go.mod h1:BJP2sWEmIv4KK5OTEluFJCKSidICx8ciO85XgH3Ak8k=
golang.org/x/sys v0.33.0 h1:q3i8TbbEz+JRD9ywIRlyRAQbM0qF7hu24q3teo2hbuw=
golang.org/x/sys v0.33.0/go.mod h1:BJP2sWEmIv4KK5OTEluFJCKSidICx8ciO85XgH3Ak8k=
golang.org/x/term v0.31.0 h1:erwDkOK1Msy6offm1mOgvspSkslFnIGsFnxOKoufg3o=
golang.org/x/term v0.31.0/go.mod h1:R4BeIy7D95HzImkxGkTW1UQTtP54tio2RyHz7PwK0aw=
golang.org/x/term v0.32.0 h1:DR4lr0TjUs3epypdhTOkMmuF5CDFJ/8pOnbzMZPQ7bg=
golang.org/x/term v0.32.0/go.mod h1:uZG1FhGx848Sqfsq4/DlJr3xGGsYMu/L5GW4abiaEPQ=
